
Microsoft Visual Studio Solution File, Format Version 12.00
# Visual Studio Version 17
VisualStudioVersion = 17.6.33829.357
MinimumVisualStudioVersion = 10.0.40219.1
Project("{FAE04EC0-301F-11D3-BF4B-00C04F79EFBC}") = "AuthService.API", "AuthService.API\AuthService.API.csproj", "{5446146C-F474-4188-B6A5-E8BCBF9F8248}"
EndProject
Project("{FAE04EC0-301F-11D3-BF4B-00C04F79EFBC}") = "AuthService.Core", "AuthService.Core\AuthService.Core.csproj", "{A3C852D4-C9EB-44E3-BDC6-768A5E659022}"
EndProject
Global
	GlobalSection(SolutionConfigurationPlatforms) = preSolution
		Debug|Any CPU = Debug|Any CPU
		Release|Any CPU = Release|Any CPU
	EndGlobalSection
	GlobalSection(ProjectConfigurationPlatforms) = postSolution
		{5446146C-F474-4188-B6A5-E8BCBF9F8248}.Debug|Any CPU.ActiveCfg = Debug|Any CPU
		{5446146C-F474-4188-B6A5-E8BCBF9F8248}.Debug|Any CPU.Build.0 = Debug|Any CPU
		{5446146C-F474-4188-B6A5-E8BCBF9F8248}.Release|Any CPU.ActiveCfg = Release|Any CPU
		{5446146C-F474-4188-B6A5-E8BCBF9F8248}.Release|Any CPU.Build.0 = Release|Any CPU
		{A3C852D4-C9EB-44E3-BDC6-768A5E659022}.Debug|Any CPU.ActiveCfg = Debug|Any CPU
		{A3C852D4-C9EB-44E3-BDC6-768A5E659022}.Debug|Any CPU.Build.0 = Debug|Any CPU
		{A3C852D4-C9EB-44E3-BDC6-768A5E659022}.Release|Any CPU.ActiveCfg = Release|Any CPU
		{A3C852D4-C9EB-44E3-BDC6-768A5E659022}.Release|Any CPU.Build.0 = Release|Any CPU
	EndGlobalSection
	GlobalSection(SolutionProperties) = preSolution
		HideSolutionNode = FALSE
	EndGlobalSection
	GlobalSection(ExtensibilityGlobals) = postSolution
		SolutionGuid = {620BEF70-E044-4420-BBDB-DF02F51AD445}
	EndGlobalSection
EndGlobal
